
Microsoft Visual Studio Solution File, Format Version 12.00
Project("{FAE04EC0-301F-11D3-BF4B-00C04F79EFBC}") = "Task2", "Task2\Task2.csproj", "{BC347F43-D48A-4E73-A745-CB5FE5FA5548}"
EndProject
Global
	GlobalSection(SolutionConfigurationPlatforms) = preSolution
		Debug|Any CPU = Debug|Any CPU
		Release|Any CPU = Release|Any CPU
	EndGlobalSection
	GlobalSection(ProjectConfigurationPlatforms) = postSolution
		{BC347F43-D48A-4E73-A745-CB5FE5FA5548}.Debug|Any CPU.ActiveCfg = Debug|Any CPU
		{BC347F43-D48A-4E73-A745-CB5FE5FA5548}.Debug|Any CPU.Build.0 = Debug|Any CPU
		{BC347F43-D48A-4E73-A745-CB5FE5FA5548}.Release|Any CPU.ActiveCfg = Release|Any CPU
		{BC347F43-D48A-4E73-A745-CB5FE5FA5548}.Release|Any CPU.Build.0 = Release|Any CPU
	EndGlobalSection
EndGlobal
