
Microsoft Visual Studio Solution File, Format Version 12.00
Project("{FAE04EC0-301F-11D3-BF4B-00C04F79EFBC}") = "Operations", "Operations\Operations.csproj", "{F076AAC4-0D05-48E1-A194-BB48966B4997}"
EndProject
Global
	GlobalSection(SolutionConfigurationPlatforms) = preSolution
		Debug|Any CPU = Debug|Any CPU
		Release|Any CPU = Release|Any CPU
	EndGlobalSection
	GlobalSection(ProjectConfigurationPlatforms) = postSolution
		{F076AAC4-0D05-48E1-A194-BB48966B4997}.Debug|Any CPU.ActiveCfg = Debug|Any CPU
		{F076AAC4-0D05-48E1-A194-BB48966B4997}.Debug|Any CPU.Build.0 = Debug|Any CPU
		{F076AAC4-0D05-48E1-A194-BB48966B4997}.Release|Any CPU.ActiveCfg = Release|Any CPU
		{F076AAC4-0D05-48E1-A194-BB48966B4997}.Release|Any CPU.Build.0 = Release|Any CPU
	EndGlobalSection
EndGlobal
