
Microsoft Visual Studio Solution File, Format Version 12.00
Project("{FAE04EC0-301F-11D3-BF4B-00C04F79EFBC}") = "Task3", "Task3\Task3.csproj", "{2F3D96F5-46BB-46B4-B2E3-7B5250409A76}"
EndProject
Global
	GlobalSection(SolutionConfigurationPlatforms) = preSolution
		Debug|Any CPU = Debug|Any CPU
		Release|Any CPU = Release|Any CPU
	EndGlobalSection
	GlobalSection(ProjectConfigurationPlatforms) = postSolution
		{2F3D96F5-46BB-46B4-B2E3-7B5250409A76}.Debug|Any CPU.ActiveCfg = Debug|Any CPU
		{2F3D96F5-46BB-46B4-B2E3-7B5250409A76}.Debug|Any CPU.Build.0 = Debug|Any CPU
		{2F3D96F5-46BB-46B4-B2E3-7B5250409A76}.Release|Any CPU.ActiveCfg = Release|Any CPU
		{2F3D96F5-46BB-46B4-B2E3-7B5250409A76}.Release|Any CPU.Build.0 = Release|Any CPU
	EndGlobalSection
EndGlobal
